
Microsoft Visual Studio Solution File, Format Version 12.00
# Visual Studio Version 17
VisualStudioVersion = 17.7.34024.191
MinimumVisualStudioVersion = 10.0.40219.1
Project("{9A19103F-16F7-4668-BE54-9A1E7A4F7556}") = "AsycnExample", "AsycnExample.csproj", "{191B7A99-D18C-4C6B-B117-9B4AA59EE627}"
EndProject
Global
	GlobalSection(SolutionConfigurationPlatforms) = preSolution
		Debug|Any CPU = Debug|Any CPU
		Release|Any CPU = Release|Any CPU
	EndGlobalSection
	GlobalSection(ProjectConfigurationPlatforms) = postSolution
		{191B7A99-D18C-4C6B-B117-9B4AA59EE627}.Debug|Any CPU.ActiveCfg = Debug|Any CPU
		{191B7A99-D18C-4C6B-B117-9B4AA59EE627}.Debug|Any CPU.Build.0 = Debug|Any CPU
		{191B7A99-D18C-4C6B-B117-9B4AA59EE627}.Release|Any CPU.ActiveCfg = Release|Any CPU
		{191B7A99-D18C-4C6B-B117-9B4AA59EE627}.Release|Any CPU.Build.0 = Release|Any CPU
	EndGlobalSection
	GlobalSection(SolutionProperties) = preSolution
		HideSolutionNode = FALSE
	EndGlobalSection
	GlobalSection(ExtensibilityGlobals) = postSolution
		SolutionGuid = {EFE62245-F08C-4484-82BF-762CE6A1A653}
	EndGlobalSection
EndGlobal
